
Microsoft Visual Studio Solution File, Format Version 11.00
# Visual Studio 2010
Project("{FAE04EC0-301F-11D3-BF4B-00C04F79EFBC}") = "Here Be Dragons", "Assembly-CSharp.csproj", "{3B771BEA-8699-156D-B9FF-72C516BA7440}"
EndProject
Project("{FAE04EC0-301F-11D3-BF4B-00C04F79EFBC}") = "Here Be Dragons", "Assembly-CSharp-Editor.csproj", "{D4B4E536-025A-0E08-A88A-82062A0280A7}"
EndProject
Global
	GlobalSection(SolutionConfigurationPlatforms) = preSolution
		Debug|Any CPU = Debug|Any CPU
		Release|Any CPU = Release|Any CPU
	EndGlobalSection
	GlobalSection(ProjectConfigurationPlatforms) = postSolution
		{3B771BEA-8699-156D-B9FF-72C516BA7440}.Debug|Any CPU.ActiveCfg = Debug|Any CPU
		{3B771BEA-8699-156D-B9FF-72C516BA7440}.Debug|Any CPU.Build.0 = Debug|Any CPU
		{3B771BEA-8699-156D-B9FF-72C516BA7440}.Release|Any CPU.ActiveCfg = Release|Any CPU
		{3B771BEA-8699-156D-B9FF-72C516BA7440}.Release|Any CPU.Build.0 = Release|Any CPU
		{D4B4E536-025A-0E08-A88A-82062A0280A7}.Debug|Any CPU.ActiveCfg = Debug|Any CPU
		{D4B4E536-025A-0E08-A88A-82062A0280A7}.Debug|Any CPU.Build.0 = Debug|Any CPU
		{D4B4E536-025A-0E08-A88A-82062A0280A7}.Release|Any CPU.ActiveCfg = Release|Any CPU
		{D4B4E536-025A-0E08-A88A-82062A0280A7}.Release|Any CPU.Build.0 = Release|Any CPU
	EndGlobalSection
	GlobalSection(SolutionProperties) = preSolution
		HideSolutionNode = FALSE
	EndGlobalSection
	GlobalSection(MonoDevelopProperties) = preSolution
		StartupItem = Assembly-CSharp.csproj
	EndGlobalSection
EndGlobal
